
Microsoft Visual Studio Solution File, Format Version 12.00
# Visual Studio 2013
VisualStudioVersion = 12.0.30723.0
MinimumVisualStudioVersion = 10.0.40219.1
Project("{FAE04EC0-301F-11D3-BF4B-00C04F79EFBC}") = "AccountOperationApp", "AccountOperationApp\AccountOperationApp.csproj", "{E61674DD-8A84-44F0-89C1-090892E0B284}"
EndProject
Global
	GlobalSection(SolutionConfigurationPlatforms) = preSolution
		Debug|Any CPU = Debug|Any CPU
		Release|Any CPU = Release|Any CPU
	EndGlobalSection
	GlobalSection(ProjectConfigurationPlatforms) = postSolution
		{E61674DD-8A84-44F0-89C1-090892E0B284}.Debug|Any CPU.ActiveCfg = Debug|Any CPU
		{E61674DD-8A84-44F0-89C1-090892E0B284}.Debug|Any CPU.Build.0 = Debug|Any CPU
		{E61674DD-8A84-44F0-89C1-090892E0B284}.Release|Any CPU.ActiveCfg = Release|Any CPU
		{E61674DD-8A84-44F0-89C1-090892E0B284}.Release|Any CPU.Build.0 = Release|Any CPU
	EndGlobalSection
	GlobalSection(SolutionProperties) = preSolution
		HideSolutionNode = FALSE
	EndGlobalSection
EndGlobal
